
Microsoft Visual Studio Solution File, Format Version 12.00
# Visual Studio 15
VisualStudioVersion = 15.0.28307.757
MinimumVisualStudioVersion = 10.0.40219.1
Project("{E24C65DC-7377-472B-9ABA-BC803B73C61A}") = "PROYECTO AVICOLA", "PROYECTO AVICOLA\", "{AAE8AE17-68A2-41E6-9DF5-AB0067F00E9D}"
	ProjectSection(WebsiteProperties) = preProject
		TargetFrameworkMoniker = ".NETFramework,Version%3Dv4.7.2"
		Debug.AspNetCompiler.VirtualPath = "/localhost_49988"
		Debug.AspNetCompiler.PhysicalPath = "PROYECTO AVICOLA\"
		Debug.AspNetCompiler.TargetPath = "PrecompiledWeb\localhost_49988\"
		Debug.AspNetCompiler.Updateable = "true"
		Debug.AspNetCompiler.ForceOverwrite = "true"
		Debug.AspNetCompiler.FixedNames = "false"
		Debug.AspNetCompiler.Debug = "True"
		Release.AspNetCompiler.VirtualPath = "/localhost_49988"
		Release.AspNetCompiler.PhysicalPath = "PROYECTO AVICOLA\"
		Release.AspNetCompiler.TargetPath = "PrecompiledWeb\localhost_49988\"
		Release.AspNetCompiler.Updateable = "true"
		Release.AspNetCompiler.ForceOverwrite = "true"
		Release.AspNetCompiler.FixedNames = "false"
		Release.AspNetCompiler.Debug = "False"
		VWDPort = "49988"
		SlnRelativePath = "PROYECTO AVICOLA\"
		DefaultWebSiteLanguage = "Visual C#"
	EndProjectSection
EndProject
Global
	GlobalSection(SolutionConfigurationPlatforms) = preSolution
		Debug|Any CPU = Debug|Any CPU
	EndGlobalSection
	GlobalSection(ProjectConfigurationPlatforms) = postSolution
		{AAE8AE17-68A2-41E6-9DF5-AB0067F00E9D}.Debug|Any CPU.ActiveCfg = Debug|Any CPU
		{AAE8AE17-68A2-41E6-9DF5-AB0067F00E9D}.Debug|Any CPU.Build.0 = Debug|Any CPU
	EndGlobalSection
	GlobalSection(SolutionProperties) = preSolution
		HideSolutionNode = FALSE
	EndGlobalSection
	GlobalSection(ExtensibilityGlobals) = postSolution
		SolutionGuid = {C4C239A5-DB0F-4F95-9D9F-CFF38DD1942C}
	EndGlobalSection
EndGlobal
